
Microsoft Visual Studio Solution File, Format Version 12.00
# Visual Studio 2013
VisualStudioVersion = 12.0.31101.0
MinimumVisualStudioVersion = 10.0.40219.1
Project("{F184B08F-C81C-45F6-A57F-5ABD9991F28F}") = "E-Voting", "E-Voting\E-Voting.vbproj", "{4C74A3B2-F12C-4DCD-8C01-5AADCC37B799}"
EndProject
Project("{6141683F-8A12-4E36-9623-2EB02B2C2303}") = "EvotingSetup", "EvotingSetup\EvotingSetup.isproj", "{CE94AECD-5630-44E2-9FC8-414AEB6B3686}"
	ProjectSection(ProjectDependencies) = postProject
		{4C74A3B2-F12C-4DCD-8C01-5AADCC37B799} = {4C74A3B2-F12C-4DCD-8C01-5AADCC37B799}
	EndProjectSection
EndProject
Global
	GlobalSection(SolutionConfigurationPlatforms) = preSolution
		CD_ROM|Any CPU = CD_ROM|Any CPU
		Debug|Any CPU = Debug|Any CPU
		DVD-5|Any CPU = DVD-5|Any CPU
		Release|Any CPU = Release|Any CPU
		SingleImage|Any CPU = SingleImage|Any CPU
	EndGlobalSection
	GlobalSection(ProjectConfigurationPlatforms) = postSolution
		{4C74A3B2-F12C-4DCD-8C01-5AADCC37B799}.CD_ROM|Any CPU.ActiveCfg = Release|Any CPU
		{4C74A3B2-F12C-4DCD-8C01-5AADCC37B799}.CD_ROM|Any CPU.Build.0 = Release|Any CPU
		{4C74A3B2-F12C-4DCD-8C01-5AADCC37B799}.Debug|Any CPU.ActiveCfg = Debug|Any CPU
		{4C74A3B2-F12C-4DCD-8C01-5AADCC37B799}.Debug|Any CPU.Build.0 = Debug|Any CPU
		{4C74A3B2-F12C-4DCD-8C01-5AADCC37B799}.Debug|Any CPU.Deploy.0 = Debug|Any CPU
		{4C74A3B2-F12C-4DCD-8C01-5AADCC37B799}.DVD-5|Any CPU.ActiveCfg = Debug|Any CPU
		{4C74A3B2-F12C-4DCD-8C01-5AADCC37B799}.DVD-5|Any CPU.Build.0 = Debug|Any CPU
		{4C74A3B2-F12C-4DCD-8C01-5AADCC37B799}.Release|Any CPU.ActiveCfg = Release|Any CPU
		{4C74A3B2-F12C-4DCD-8C01-5AADCC37B799}.Release|Any CPU.Build.0 = Release|Any CPU
		{4C74A3B2-F12C-4DCD-8C01-5AADCC37B799}.SingleImage|Any CPU.ActiveCfg = Release|Any CPU
		{4C74A3B2-F12C-4DCD-8C01-5AADCC37B799}.SingleImage|Any CPU.Build.0 = Release|Any CPU
		{CE94AECD-5630-44E2-9FC8-414AEB6B3686}.CD_ROM|Any CPU.ActiveCfg = CD_ROM
		{CE94AECD-5630-44E2-9FC8-414AEB6B3686}.CD_ROM|Any CPU.Build.0 = CD_ROM
		{CE94AECD-5630-44E2-9FC8-414AEB6B3686}.Debug|Any CPU.ActiveCfg = SingleImage
		{CE94AECD-5630-44E2-9FC8-414AEB6B3686}.Debug|Any CPU.Build.0 = SingleImage
		{CE94AECD-5630-44E2-9FC8-414AEB6B3686}.DVD-5|Any CPU.ActiveCfg = DVD-5
		{CE94AECD-5630-44E2-9FC8-414AEB6B3686}.DVD-5|Any CPU.Build.0 = DVD-5
		{CE94AECD-5630-44E2-9FC8-414AEB6B3686}.Release|Any CPU.ActiveCfg = SingleImage
		{CE94AECD-5630-44E2-9FC8-414AEB6B3686}.Release|Any CPU.Build.0 = SingleImage
		{CE94AECD-5630-44E2-9FC8-414AEB6B3686}.SingleImage|Any CPU.ActiveCfg = SingleImage
		{CE94AECD-5630-44E2-9FC8-414AEB6B3686}.SingleImage|Any CPU.Build.0 = SingleImage
	EndGlobalSection
	GlobalSection(SolutionProperties) = preSolution
		HideSolutionNode = FALSE
	EndGlobalSection
EndGlobal
